
Microsoft Visual Studio Solution File, Format Version 12.00
# Visual Studio Version 17
VisualStudioVersion = 17.7.34024.191
MinimumVisualStudioVersion = 10.0.40219.1
Project("{FAE04EC0-301F-11D3-BF4B-00C04F79EFBC}") = "jokes with string", "jokes with string\jokes with string.csproj", "{55E926D8-5B43-463C-B307-28D34A8D5124}"
EndProject
Project("{FAE04EC0-301F-11D3-BF4B-00C04F79EFBC}") = "UnitTest", "UnitTest\UnitTest.csproj", "{C8FB4920-A9A1-4F4E-8AD1-A00BF6BA4CD0}"
EndProject
Global
	GlobalSection(SolutionConfigurationPlatforms) = preSolution
		Debug|Any CPU = Debug|Any CPU
		Release|Any CPU = Release|Any CPU
	EndGlobalSection
	GlobalSection(ProjectConfigurationPlatforms) = postSolution
		{55E926D8-5B43-463C-B307-28D34A8D5124}.Debug|Any CPU.ActiveCfg = Debug|Any CPU
		{55E926D8-5B43-463C-B307-28D34A8D5124}.Debug|Any CPU.Build.0 = Debug|Any CPU
		{55E926D8-5B43-463C-B307-28D34A8D5124}.Release|Any CPU.ActiveCfg = Release|Any CPU
		{55E926D8-5B43-463C-B307-28D34A8D5124}.Release|Any CPU.Build.0 = Release|Any CPU
		{C8FB4920-A9A1-4F4E-8AD1-A00BF6BA4CD0}.Debug|Any CPU.ActiveCfg = Debug|Any CPU
		{C8FB4920-A9A1-4F4E-8AD1-A00BF6BA4CD0}.Debug|Any CPU.Build.0 = Debug|Any CPU
		{C8FB4920-A9A1-4F4E-8AD1-A00BF6BA4CD0}.Release|Any CPU.ActiveCfg = Release|Any CPU
		{C8FB4920-A9A1-4F4E-8AD1-A00BF6BA4CD0}.Release|Any CPU.Build.0 = Release|Any CPU
	EndGlobalSection
	GlobalSection(SolutionProperties) = preSolution
		HideSolutionNode = FALSE
	EndGlobalSection
	GlobalSection(ExtensibilityGlobals) = postSolution
		SolutionGuid = {CD3E5FF8-6268-4E37-99EC-008BEE0DB779}
	EndGlobalSection
EndGlobal
